
Microsoft Visual Studio Solution File, Format Version 12.00
# Visual Studio Version 17
VisualStudioVersion = 17.6.33723.286
MinimumVisualStudioVersion = 10.0.40219.1
Project("{FAE04EC0-301F-11D3-BF4B-00C04F79EFBC}") = "WebApplication04G", "WebApplication04G.csproj", "{1FB221E1-CBFA-4DC7-B43B-E0393C7A503C}"
EndProject
Global
	GlobalSection(SolutionConfigurationPlatforms) = preSolution
		Debug|Any CPU = Debug|Any CPU
		Release|Any CPU = Release|Any CPU
	EndGlobalSection
	GlobalSection(ProjectConfigurationPlatforms) = postSolution
		{1FB221E1-CBFA-4DC7-B43B-E0393C7A503C}.Debug|Any CPU.ActiveCfg = Debug|Any CPU
		{1FB221E1-CBFA-4DC7-B43B-E0393C7A503C}.Debug|Any CPU.Build.0 = Debug|Any CPU
		{1FB221E1-CBFA-4DC7-B43B-E0393C7A503C}.Release|Any CPU.ActiveCfg = Release|Any CPU
		{1FB221E1-CBFA-4DC7-B43B-E0393C7A503C}.Release|Any CPU.Build.0 = Release|Any CPU
	EndGlobalSection
	GlobalSection(SolutionProperties) = preSolution
		HideSolutionNode = FALSE
	EndGlobalSection
	GlobalSection(ExtensibilityGlobals) = postSolution
		SolutionGuid = {129D520C-EC3F-4C2C-ADA1-A9188988B2EF}
	EndGlobalSection
EndGlobal
